
Microsoft Visual Studio Solution File, Format Version 12.00
# Visual Studio Version 17
VisualStudioVersion = 17.8.34309.116
MinimumVisualStudioVersion = 10.0.40219.1
Project("{9A19103F-16F7-4668-BE54-9A1E7A4F7556}") = "Game", "Game\Game.csproj", "{913401DE-4328-4F4F-B5C1-28CA90FC837D}"
EndProject
Project("{9A19103F-16F7-4668-BE54-9A1E7A4F7556}") = "UnitTesting", "UnitTesting\UnitTesting.csproj", "{D5F6E45D-D713-45B8-AA45-6555A9A2B2AF}"
EndProject
Project("{9A19103F-16F7-4668-BE54-9A1E7A4F7556}") = "SearchAlgorithms", "SearchAlgorithms\SearchAlgorithms.csproj", "{6A2E7B06-B6E4-4EDD-B653-4F437541474D}"
EndProject
Project("{9A19103F-16F7-4668-BE54-9A1E7A4F7556}") = "EBFCalculator", "EBFCalculator\EBFCalculator.csproj", "{3FD9C62A-D1F9-480D-A73F-F53C9B3908DD}"
EndProject
Project("{FAE04EC0-301F-11D3-BF4B-00C04F79EFBC}") = "SliderPuzzle API", "SliderPuzzle API\SliderPuzzle API.csproj", "{969FDFE3-72E3-4A03-847B-EC14A96AD237}"
EndProject
Global
	GlobalSection(SolutionConfigurationPlatforms) = preSolution
		Debug|Any CPU = Debug|Any CPU
		Release|Any CPU = Release|Any CPU
	EndGlobalSection
	GlobalSection(ProjectConfigurationPlatforms) = postSolution
		{913401DE-4328-4F4F-B5C1-28CA90FC837D}.Debug|Any CPU.ActiveCfg = Debug|Any CPU
		{913401DE-4328-4F4F-B5C1-28CA90FC837D}.Debug|Any CPU.Build.0 = Debug|Any CPU
		{913401DE-4328-4F4F-B5C1-28CA90FC837D}.Release|Any CPU.ActiveCfg = Release|Any CPU
		{913401DE-4328-4F4F-B5C1-28CA90FC837D}.Release|Any CPU.Build.0 = Release|Any CPU
		{D5F6E45D-D713-45B8-AA45-6555A9A2B2AF}.Debug|Any CPU.ActiveCfg = Debug|Any CPU
		{D5F6E45D-D713-45B8-AA45-6555A9A2B2AF}.Debug|Any CPU.Build.0 = Debug|Any CPU
		{D5F6E45D-D713-45B8-AA45-6555A9A2B2AF}.Release|Any CPU.ActiveCfg = Release|Any CPU
		{D5F6E45D-D713-45B8-AA45-6555A9A2B2AF}.Release|Any CPU.Build.0 = Release|Any CPU
		{6A2E7B06-B6E4-4EDD-B653-4F437541474D}.Debug|Any CPU.ActiveCfg = Debug|Any CPU
		{6A2E7B06-B6E4-4EDD-B653-4F437541474D}.Debug|Any CPU.Build.0 = Debug|Any CPU
		{6A2E7B06-B6E4-4EDD-B653-4F437541474D}.Release|Any CPU.ActiveCfg = Release|Any CPU
		{6A2E7B06-B6E4-4EDD-B653-4F437541474D}.Release|Any CPU.Build.0 = Release|Any CPU
		{3FD9C62A-D1F9-480D-A73F-F53C9B3908DD}.Debug|Any CPU.ActiveCfg = Debug|Any CPU
		{3FD9C62A-D1F9-480D-A73F-F53C9B3908DD}.Debug|Any CPU.Build.0 = Debug|Any CPU
		{3FD9C62A-D1F9-480D-A73F-F53C9B3908DD}.Release|Any CPU.ActiveCfg = Release|Any CPU
		{3FD9C62A-D1F9-480D-A73F-F53C9B3908DD}.Release|Any CPU.Build.0 = Release|Any CPU
		{969FDFE3-72E3-4A03-847B-EC14A96AD237}.Debug|Any CPU.ActiveCfg = Debug|Any CPU
		{969FDFE3-72E3-4A03-847B-EC14A96AD237}.Debug|Any CPU.Build.0 = Debug|Any CPU
		{969FDFE3-72E3-4A03-847B-EC14A96AD237}.Release|Any CPU.ActiveCfg = Release|Any CPU
		{969FDFE3-72E3-4A03-847B-EC14A96AD237}.Release|Any CPU.Build.0 = Release|Any CPU
	EndGlobalSection
	GlobalSection(SolutionProperties) = preSolution
		HideSolutionNode = FALSE
	EndGlobalSection
	GlobalSection(ExtensibilityGlobals) = postSolution
		SolutionGuid = {B17CF3F2-E20E-425D-9E9C-791BDE632072}
	EndGlobalSection
EndGlobal
